{
  "projects": [
    {
      "projectId": "dbHGYj6bAT5a9puw4ZPFAE",
      "version": "latest",
      "dependencies": {},
      "lang": "ts",
      "fileLocks": [
        {
          "type": "globalVariant",
          "assetId": "DMr5Kga86Q9B",
          "checksum": "d584b5914e38dc581afaf1f5148475e2"
        },
        {
          "assetId": "dbHGYj6bAT5a9puw4ZPFAE",
          "type": "projectCss",
          "checksum": "46afd5342ad751e2b16c10c302c1c06f"
        },
        {
          "type": "renderModule",
          "assetId": "jijq7KHuw464",
          "checksum": "c84a4f01f091d96029e12a0c675da788"
        },
        {
          "type": "cssRules",
          "assetId": "jijq7KHuw464",
          "checksum": "c84a4f01f091d96029e12a0c675da788"
        },
        {
          "type": "renderModule",
          "assetId": "N7m7eE-uE1FT",
          "checksum": "b7dd065ffe8190f003a9997b17a30fc5"
        },
        {
          "type": "cssRules",
          "assetId": "N7m7eE-uE1FT",
          "checksum": "b7dd065ffe8190f003a9997b17a30fc5"
        },
        {
          "type": "renderModule",
          "assetId": "ZnkrLNpX776i",
          "checksum": "f471c35016442cc8d0d84c267bfb5be1"
        },
        {
          "type": "cssRules",
          "assetId": "ZnkrLNpX776i",
          "checksum": "f471c35016442cc8d0d84c267bfb5be1"
        },
        {
          "type": "renderModule",
          "assetId": "SScVF8CzNYgt",
          "checksum": "49c0a1443b6e9efde1cd2c34dcd6c6f4"
        },
        {
          "type": "cssRules",
          "assetId": "SScVF8CzNYgt",
          "checksum": "49c0a1443b6e9efde1cd2c34dcd6c6f4"
        },
        {
          "type": "renderModule",
          "assetId": "tW89Zefd9lZn",
          "checksum": "3a083a2dea8669d992fac43f8ce4cdd7"
        },
        {
          "type": "cssRules",
          "assetId": "tW89Zefd9lZn",
          "checksum": "3a083a2dea8669d992fac43f8ce4cdd7"
        },
        {
          "type": "renderModule",
          "assetId": "4nJSUNUrt-9u",
          "checksum": "33a0c1dd0441ed01d3cb4731b723292e"
        },
        {
          "type": "cssRules",
          "assetId": "4nJSUNUrt-9u",
          "checksum": "33a0c1dd0441ed01d3cb4731b723292e"
        },
        {
          "type": "renderModule",
          "assetId": "eIEF-Rw_dvNw",
          "checksum": "b69f0db04e325f350ef4a7911276f980"
        },
        {
          "type": "cssRules",
          "assetId": "eIEF-Rw_dvNw",
          "checksum": "b69f0db04e325f350ef4a7911276f980"
        },
        {
          "type": "renderModule",
          "assetId": "eSl55x41OoSE",
          "checksum": "a754b36d6b73b33b0a71cd6932700b7b"
        },
        {
          "type": "cssRules",
          "assetId": "eSl55x41OoSE",
          "checksum": "a754b36d6b73b33b0a71cd6932700b7b"
        },
        {
          "type": "renderModule",
          "assetId": "iqLVo_SBs1q1",
          "checksum": "a565460fd5035b0db1e4083d1c1da933"
        },
        {
          "type": "cssRules",
          "assetId": "iqLVo_SBs1q1",
          "checksum": "a565460fd5035b0db1e4083d1c1da933"
        },
        {
          "type": "renderModule",
          "assetId": "-ldHHZatxycY",
          "checksum": "ff5ba57b1ef29e6424a417992a1f0dce"
        },
        {
          "type": "cssRules",
          "assetId": "-ldHHZatxycY",
          "checksum": "ff5ba57b1ef29e6424a417992a1f0dce"
        },
        {
          "type": "renderModule",
          "assetId": "ygq9q7fdnsDN",
          "checksum": "5c7f38d27a09f2c31f93b6e26c340d99"
        },
        {
          "type": "cssRules",
          "assetId": "ygq9q7fdnsDN",
          "checksum": "5c7f38d27a09f2c31f93b6e26c340d99"
        },
        {
          "type": "renderModule",
          "assetId": "EEEJ5WMuY1cN",
          "checksum": "551f4425d5337874518f58c799222cc4"
        },
        {
          "type": "cssRules",
          "assetId": "EEEJ5WMuY1cN",
          "checksum": "551f4425d5337874518f58c799222cc4"
        },
        {
          "type": "renderModule",
          "assetId": "-58tpuVqM8kJ",
          "checksum": "7daf0e8d191089c279b7b804de262ecf"
        },
        {
          "type": "cssRules",
          "assetId": "-58tpuVqM8kJ",
          "checksum": "7daf0e8d191089c279b7b804de262ecf"
        },
        {
          "type": "renderModule",
          "assetId": "uXEfCpaPOcQp",
          "checksum": "a0f427f2dff2a9480d80a61bc620d836"
        },
        {
          "type": "cssRules",
          "assetId": "uXEfCpaPOcQp",
          "checksum": "a0f427f2dff2a9480d80a61bc620d836"
        },
        {
          "type": "renderModule",
          "assetId": "XsCpixfwfjX3",
          "checksum": "c02b33d3b232a58c69c15c35c77c34c2"
        },
        {
          "type": "cssRules",
          "assetId": "XsCpixfwfjX3",
          "checksum": "c02b33d3b232a58c69c15c35c77c34c2"
        },
        {
          "type": "renderModule",
          "assetId": "eIZGvIxMUFp7",
          "checksum": "a2d25e4555858d32a875580f7c6c2905"
        },
        {
          "type": "cssRules",
          "assetId": "eIZGvIxMUFp7",
          "checksum": "a2d25e4555858d32a875580f7c6c2905"
        },
        {
          "type": "renderModule",
          "assetId": "0IQ_Zu-6dz81",
          "checksum": "3fb1363975c4786612a287982e920ba0"
        },
        {
          "type": "cssRules",
          "assetId": "0IQ_Zu-6dz81",
          "checksum": "3fb1363975c4786612a287982e920ba0"
        },
        {
          "type": "renderModule",
          "assetId": "PzVBxOVt1zUE",
          "checksum": "ee9d4641d5d8d5234f139bf64e0d025c"
        },
        {
          "type": "cssRules",
          "assetId": "PzVBxOVt1zUE",
          "checksum": "ee9d4641d5d8d5234f139bf64e0d025c"
        },
        {
          "type": "icon",
          "assetId": "qMBAqKPwaUKX",
          "checksum": "c5394735d96ebb14d506ba46ee818fb6"
        },
        {
          "type": "icon",
          "assetId": "H9zzvpyBx8HG",
          "checksum": "f5c3311441cd79ae1cc87f0f1b07486e"
        },
        {
          "type": "icon",
          "assetId": "En7D2-mrgnlW",
          "checksum": "ff199ab9d16e126a26a7fabf0a7cf0bf"
        },
        {
          "type": "icon",
          "assetId": "0guAdnI8XZS0",
          "checksum": "d414073f5e67a03cac81cc143c6491ff"
        },
        {
          "type": "icon",
          "assetId": "zeA05A6kgfoN",
          "checksum": "02776537054c71267704e7c097fa6833"
        },
        {
          "type": "icon",
          "assetId": "xgFvDdTt8WnB",
          "checksum": "875595db6c936dc44e62fe6874f53d06"
        },
        {
          "type": "icon",
          "assetId": "wbpeHCM_Sln2",
          "checksum": "c05f6ef7fd7bdd873c38e6cea0f5a482"
        },
        {
          "type": "icon",
          "assetId": "iH81psM_-rIs",
          "checksum": "10e729d8fe86b8c0d428864421620511"
        },
        {
          "type": "icon",
          "assetId": "DTVaLWyfxhm9",
          "checksum": "152fa2fe45ab8843ac84a4981db9a993"
        },
        {
          "type": "image",
          "assetId": "dpqi-L1Yu4OW",
          "checksum": "de5571b3f998b3e0afa606265a14b8c5"
        },
        {
          "type": "image",
          "assetId": "wUf6PYHAlIOT",
          "checksum": "c42c2b4dcf04e456fc4ef2031c94a905"
        },
        {
          "type": "image",
          "assetId": "6pI9PAxCHoWQ",
          "checksum": "c509bc1e6d0edca465be998ac6e9aee6"
        },
        {
          "type": "image",
          "assetId": "nSB-GHaHtUnI",
          "checksum": "fe6e045546cc4dcfbfef72e13bb24878"
        },
        {
          "type": "image",
          "assetId": "vkgqRnQVuYnX",
          "checksum": "303204016e96a022a8fce0dac2d90217"
        },
        {
          "type": "image",
          "assetId": "-33VVI961i_f",
          "checksum": "f32f6f990c0fb7467f39811119001100"
        }
      ]
    }
  ],
  "cliVersion": "0.1.158"
}
